<?xml version="1.0" encoding="utf-8"?>
<Project ToolsVersion="4.0" xmlns="http://schemas.microsoft.com/developer/msbuild/2003">
  <ItemGroup>
    <Filter Include="소스 파일">
      <UniqueIdentifier>{4FC737F1-C7A5-4376-A066-2A32D752A2FF}</UniqueIdentifier>
      <Extensions>cpp;c;cc;cxx;c++;cppm;ixx;def;odl;idl;hpj;bat;asm;asmx</Extensions>
    </Filter>
    <Filter Include="헤더 파일">
      <UniqueIdentifier>{93995380-89BD-4b04-88EB-625FBE52EBFB}</UniqueIdentifier>
      <Extensions>h;hh;hpp;hxx;h++;hm;inl;inc;ipp;xsd</Extensions>
    </Filter>
    <Filter Include="리소스 파일">
      <UniqueIdentifier>{67DA6AB6-F800-4c08-8B7A-83BB121AAD01}</UniqueIdentifier>
      <Extensions>rc;ico;cur;bmp;dlg;rc2;rct;bin;rgs;gif;jpg;jpeg;jpe;resx;tiff;tif;png;wav;mfcribbon-ms</Extensions>
    </Filter>
    <Filter Include="StructandClass">
      <UniqueIdentifier>{48f3096b-cd85-4602-a8d1-c911628f298b}</UniqueIdentifier>
    </Filter>
    <Filter Include="DataStructure">
      <UniqueIdentifier>{d7f8f392-c65b-4f90-9262-c8aa258d5ae7}</UniqueIdentifier>
    </Filter>
    <Filter Include="DataStructure\Arr">
      <UniqueIdentifier>{8bbe745b-73fa-49e8-ad0d-7c672e547919}</UniqueIdentifier>
    </Filter>
    <Filter Include="DataStructure\Arrf">
      <UniqueIdentifier>{727f6f51-ba20-4627-98d7-7a625dcc4782}</UniqueIdentifier>
    </Filter>
    <Filter Include="DataStructure\LinkedList">
      <UniqueIdentifier>{85faef4b-5727-46b9-a998-5bc3bbfa829b}</UniqueIdentifier>
    </Filter>
    <Filter Include="DataStructure\BST">
      <UniqueIdentifier>{537f2ace-2273-4696-b5d4-a79f56d131e7}</UniqueIdentifier>
    </Filter>
  </ItemGroup>
  <ItemGroup>
    <Text Include="Tip.txt">
      <Filter>헤더 파일</Filter>
    </Text>
    <Text Include="FileManager.txt">
      <Filter>헤더 파일</Filter>
    </Text>
    <Text Include="pointer.txt">
      <Filter>헤더 파일</Filter>
    </Text>
  </ItemGroup>
  <ItemGroup>
    <ClInclude Include="func.h">
      <Filter>헤더 파일</Filter>
    </ClInclude>
    <ClInclude Include="common.h">
      <Filter>헤더 파일</Filter>
    </ClInclude>
    <ClInclude Include="Arr.h">
      <Filter>DataStructure\Arr</Filter>
    </ClInclude>
    <ClInclude Include="Arrf.h">
      <Filter>DataStructure\Arrf</Filter>
    </ClInclude>
    <ClInclude Include="LinkedList.h">
      <Filter>DataStructure\LinkedList</Filter>
    </ClInclude>
    <ClInclude Include="CArr.h">
      <Filter>DataStructure\Arr</Filter>
    </ClInclude>
    <ClInclude Include="Cstyle.h">
      <Filter>StructandClass</Filter>
    </ClInclude>
    <ClInclude Include="Cppstyle.h">
      <Filter>StructandClass</Filter>
    </ClInclude>
    <ClInclude Include="CList.h">
      <Filter>DataStructure\LinkedList</Filter>
    </ClInclude>
  </ItemGroup>
  <ItemGroup>
    <ClCompile Include="func.cpp">
      <Filter>헤더 파일</Filter>
    </ClCompile>
    <ClCompile Include="Test.cpp">
      <Filter>헤더 파일</Filter>
    </ClCompile>
    <ClCompile Include="Arr.cpp">
      <Filter>DataStructure\Arr</Filter>
    </ClCompile>
    <ClCompile Include="Arrf.cpp">
      <Filter>DataStructure\Arrf</Filter>
    </ClCompile>
    <ClCompile Include="mainf.cpp">
      <Filter>DataStructure\Arrf</Filter>
    </ClCompile>
    <ClCompile Include="LinkedList.cpp">
      <Filter>DataStructure\LinkedList</Filter>
    </ClCompile>
    <ClCompile Include="StructandClass.cpp">
      <Filter>StructandClass</Filter>
    </ClCompile>
    <ClCompile Include="Cstyle.cpp">
      <Filter>StructandClass</Filter>
    </ClCompile>
    <ClCompile Include="Cppstyle.cpp">
      <Filter>StructandClass</Filter>
    </ClCompile>
    <ClCompile Include="main17.cpp">
      <Filter>헤더 파일</Filter>
    </ClCompile>
  </ItemGroup>
</Project>